// !$*UTF8*$!
{
	archiveVersion = 1;
	classes = {
	};
	objectVersion = 50;
	objects = {

/* Begin PBXBuildFile section */
		5C5370932390E4C800F66E2C /* AppDelegate.swift in Sources */ = {isa = PBXBuildFile; fileRef = 5C5370922390E4C800F66E2C /* AppDelegate.swift */; };
		5C5370952390E4C800F66E2C /* SceneDelegate.swift in Sources */ = {isa = PBXBuildFile; fileRef = 5C5370942390E4C800F66E2C /* SceneDelegate.swift */; };
		5C53709A2390E4C800F66E2C /* Main.storyboard in Resources */ = {isa = PBXBuildFile; fileRef = 5C5370982390E4C800F66E2C /* Main.storyboard */; };
		5C53709C2390E4C900F66E2C /* Assets.xcassets in Resources */ = {isa = PBXBuildFile; fileRef = 5C53709B2390E4C900F66E2C /* Assets.xcassets */; };
		5C53709F2390E4C900F66E2C /* LaunchScreen.storyboard in Resources */ = {isa = PBXBuildFile; fileRef = 5C53709D2390E4C900F66E2C /* LaunchScreen.storyboard */; };
		5C5370A82390E54300F66E2C /* RedditResponse.swift in Sources */ = {isa = PBXBuildFile; fileRef = 5C5370A72390E54300F66E2C /* RedditResponse.swift */; };
		5C5370AB2390E65F00F66E2C /* NetworkManager.swift in Sources */ = {isa = PBXBuildFile; fileRef = 5C5370AA2390E65F00F66E2C /* NetworkManager.swift */; };
		5C5370B42390F37C00F66E2C /* HomePresenter.swift in Sources */ = {isa = PBXBuildFile; fileRef = 5C5370AE2390F37C00F66E2C /* HomePresenter.swift */; };
		5C5370B52390F37C00F66E2C /* HomeWorker.swift in Sources */ = {isa = PBXBuildFile; fileRef = 5C5370AF2390F37C00F66E2C /* HomeWorker.swift */; };
		5C5370B62390F37C00F66E2C /* HomeRouter.swift in Sources */ = {isa = PBXBuildFile; fileRef = 5C5370B02390F37C00F66E2C /* HomeRouter.swift */; };
		5C5370B72390F37C00F66E2C /* HomeModels.swift in Sources */ = {isa = PBXBuildFile; fileRef = 5C5370B12390F37C00F66E2C /* HomeModels.swift */; };
		5C5370B82390F37C00F66E2C /* HomeViewController.swift in Sources */ = {isa = PBXBuildFile; fileRef = 5C5370B22390F37C00F66E2C /* HomeViewController.swift */; };
		5C5370B92390F37C00F66E2C /* HomeInteractor.swift in Sources */ = {isa = PBXBuildFile; fileRef = 5C5370B32390F37C00F66E2C /* HomeInteractor.swift */; };
		5C5370BC2390FA5C00F66E2C /* TableViewDataSource.swift in Sources */ = {isa = PBXBuildFile; fileRef = 5C5370BB2390FA5C00F66E2C /* TableViewDataSource.swift */; };
		5C5370BE2390FB1100F66E2C /* UIImage+extension.swift in Sources */ = {isa = PBXBuildFile; fileRef = 5C5370BD2390FB1100F66E2C /* UIImage+extension.swift */; };
		5C5370C12390FDCC00F66E2C /* HomeTableViewCell.swift in Sources */ = {isa = PBXBuildFile; fileRef = 5C5370C02390FDCC00F66E2C /* HomeTableViewCell.swift */; };
		5C5370C3239105CF00F66E2C /* Date+extension.swift in Sources */ = {isa = PBXBuildFile; fileRef = 5C5370C2239105CF00F66E2C /* Date+extension.swift */; };
		5C5370C5239107D100F66E2C /* Storage.swift in Sources */ = {isa = PBXBuildFile; fileRef = 5C5370C4239107D100F66E2C /* Storage.swift */; };
		5C5370CD2391115000F66E2C /* DetailPresenter.swift in Sources */ = {isa = PBXBuildFile; fileRef = 5C5370C72391115000F66E2C /* DetailPresenter.swift */; };
		5C5370CF2391115000F66E2C /* DetailRouter.swift in Sources */ = {isa = PBXBuildFile; fileRef = 5C5370C92391115000F66E2C /* DetailRouter.swift */; };
		5C5370D02391115000F66E2C /* DetailModels.swift in Sources */ = {isa = PBXBuildFile; fileRef = 5C5370CA2391115000F66E2C /* DetailModels.swift */; };
		5C5370D12391115000F66E2C /* DetailViewController.swift in Sources */ = {isa = PBXBuildFile; fileRef = 5C5370CB2391115000F66E2C /* DetailViewController.swift */; };
		5C5370D22391115000F66E2C /* DetailInteractor.swift in Sources */ = {isa = PBXBuildFile; fileRef = 5C5370CC2391115000F66E2C /* DetailInteractor.swift */; };
/* End PBXBuildFile section */

/* Begin PBXFileReference section */
		5C53708F2390E4C700F66E2C /* DevigetTest.app */ = {isa = PBXFileReference; explicitFileType = wrapper.application; includeInIndex = 0; path = DevigetTest.app; sourceTree = BUILT_PRODUCTS_DIR; };
		5C5370922390E4C800F66E2C /* AppDelegate.swift */ = {isa = PBXFileReference; lastKnownFileType = sourcecode.swift; path = AppDelegate.swift; sourceTree = "<group>"; };
		5C5370942390E4C800F66E2C /* SceneDelegate.swift */ = {isa = PBXFileReference; lastKnownFileType = sourcecode.swift; path = SceneDelegate.swift; sourceTree = "<group>"; };
		5C5370992390E4C800F66E2C /* Base */ = {isa = PBXFileReference; lastKnownFileType = file.storyboard; name = Base; path = Base.lproj/Main.storyboard; sourceTree = "<group>"; };
		5C53709B2390E4C900F66E2C /* Assets.xcassets */ = {isa = PBXFileReference; lastKnownFileType = folder.assetcatalog; path = Assets.xcassets; sourceTree = "<group>"; };
		5C53709E2390E4C900F66E2C /* Base */ = {isa = PBXFileReference; lastKnownFileType = file.storyboard; name = Base; path = Base.lproj/LaunchScreen.storyboard; sourceTree = "<group>"; };
		5C5370A02390E4C900F66E2C /* Info.plist */ = {isa = PBXFileReference; lastKnownFileType = text.plist.xml; path = Info.plist; sourceTree = "<group>"; };
		5C5370A72390E54300F66E2C /* RedditResponse.swift */ = {isa = PBXFileReference; lastKnownFileType = sourcecode.swift; path = RedditResponse.swift; sourceTree = "<group>"; };
		5C5370AA2390E65F00F66E2C /* NetworkManager.swift */ = {isa = PBXFileReference; lastKnownFileType = sourcecode.swift; path = NetworkManager.swift; sourceTree = "<group>"; };
		5C5370AE2390F37C00F66E2C /* HomePresenter.swift */ = {isa = PBXFileReference; lastKnownFileType = sourcecode.swift; path = HomePresenter.swift; sourceTree = "<group>"; };
		5C5370AF2390F37C00F66E2C /* HomeWorker.swift */ = {isa = PBXFileReference; lastKnownFileType = sourcecode.swift; path = HomeWorker.swift; sourceTree = "<group>"; };
		5C5370B02390F37C00F66E2C /* HomeRouter.swift */ = {isa = PBXFileReference; lastKnownFileType = sourcecode.swift; path = HomeRouter.swift; sourceTree = "<group>"; };
		5C5370B12390F37C00F66E2C /* HomeModels.swift */ = {isa = PBXFileReference; lastKnownFileType = sourcecode.swift; path = HomeModels.swift; sourceTree = "<group>"; };
		5C5370B22390F37C00F66E2C /* HomeViewController.swift */ = {isa = PBXFileReference; lastKnownFileType = sourcecode.swift; path = HomeViewController.swift; sourceTree = "<group>"; };
		5C5370B32390F37C00F66E2C /* HomeInteractor.swift */ = {isa = PBXFileReference; lastKnownFileType = sourcecode.swift; path = HomeInteractor.swift; sourceTree = "<group>"; };
		5C5370BB2390FA5C00F66E2C /* TableViewDataSource.swift */ = {isa = PBXFileReference; lastKnownFileType = sourcecode.swift; path = TableViewDataSource.swift; sourceTree = "<group>"; };
		5C5370BD2390FB1100F66E2C /* UIImage+extension.swift */ = {isa = PBXFileReference; lastKnownFileType = sourcecode.swift; path = "UIImage+extension.swift"; sourceTree = "<group>"; };
		5C5370C02390FDCC00F66E2C /* HomeTableViewCell.swift */ = {isa = PBXFileReference; lastKnownFileType = sourcecode.swift; path = HomeTableViewCell.swift; sourceTree = "<group>"; };
		5C5370C2239105CF00F66E2C /* Date+extension.swift */ = {isa = PBXFileReference; lastKnownFileType = sourcecode.swift; path = "Date+extension.swift"; sourceTree = "<group>"; };
		5C5370C4239107D100F66E2C /* Storage.swift */ = {isa = PBXFileReference; lastKnownFileType = sourcecode.swift; path = Storage.swift; sourceTree = "<group>"; };
		5C5370C72391115000F66E2C /* DetailPresenter.swift */ = {isa = PBXFileReference; lastKnownFileType = sourcecode.swift; path = DetailPresenter.swift; sourceTree = "<group>"; };
		5C5370C92391115000F66E2C /* DetailRouter.swift */ = {isa = PBXFileReference; lastKnownFileType = sourcecode.swift; path = DetailRouter.swift; sourceTree = "<group>"; };
		5C5370CA2391115000F66E2C /* DetailModels.swift */ = {isa = PBXFileReference; lastKnownFileType = sourcecode.swift; path = DetailModels.swift; sourceTree = "<group>"; };
		5C5370CB2391115000F66E2C /* DetailViewController.swift */ = {isa = PBXFileReference; lastKnownFileType = sourcecode.swift; path = DetailViewController.swift; sourceTree = "<group>"; };
		5C5370CC2391115000F66E2C /* DetailInteractor.swift */ = {isa = PBXFileReference; lastKnownFileType = sourcecode.swift; path = DetailInteractor.swift; sourceTree = "<group>"; };
/* End PBXFileReference section */

/* Begin PBXFrameworksBuildPhase section */
		5C53708C2390E4C700F66E2C /* Frameworks */ = {
			isa = PBXFrameworksBuildPhase;
			buildActionMask = 2147483647;
			files = (
			);
			runOnlyForDeploymentPostprocessing = 0;
		};
/* End PBXFrameworksBuildPhase section */

/* Begin PBXGroup section */
		5C5370862390E4C700F66E2C = {
			isa = PBXGroup;
			children = (
				5C5370912390E4C700F66E2C /* DevigetTest */,
				5C5370902390E4C700F66E2C /* Products */,
			);
			sourceTree = "<group>";
		};
		5C5370902390E4C700F66E2C /* Products */ = {
			isa = PBXGroup;
			children = (
				5C53708F2390E4C700F66E2C /* DevigetTest.app */,
			);
			name = Products;
			sourceTree = "<group>";
		};
		5C5370912390E4C700F66E2C /* DevigetTest */ = {
			isa = PBXGroup;
			children = (
				5C5370A62390E4D800F66E2C /* Models */,
				5C5370A92390E64800F66E2C /* Network */,
				5C5370AC2390F34400F66E2C /* Scenes */,
				5C5370922390E4C800F66E2C /* AppDelegate.swift */,
				5C5370942390E4C800F66E2C /* SceneDelegate.swift */,
				5C5370982390E4C800F66E2C /* Main.storyboard */,
				5C53709B2390E4C900F66E2C /* Assets.xcassets */,
				5C53709D2390E4C900F66E2C /* LaunchScreen.storyboard */,
				5C5370A02390E4C900F66E2C /* Info.plist */,
				5C5370BA2390FA4100F66E2C /* Utils */,
			);
			path = DevigetTest;
			sourceTree = "<group>";
		};
		5C5370A62390E4D800F66E2C /* Models */ = {
			isa = PBXGroup;
			children = (
				5C5370A72390E54300F66E2C /* RedditResponse.swift */,
			);
			path = Models;
			sourceTree = "<group>";
		};
		5C5370A92390E64800F66E2C /* Network */ = {
			isa = PBXGroup;
			children = (
				5C5370AA2390E65F00F66E2C /* NetworkManager.swift */,
			);
			path = Network;
			sourceTree = "<group>";
		};
		5C5370AC2390F34400F66E2C /* Scenes */ = {
			isa = PBXGroup;
			children = (
				5C5370AD2390F35900F66E2C /* Home */,
				5C5370C62391113700F66E2C /* Detail */,
			);
			path = Scenes;
			sourceTree = "<group>";
		};
		5C5370AD2390F35900F66E2C /* Home */ = {
			isa = PBXGroup;
			children = (
				5C5370BF2390FD9C00F66E2C /* Views */,
				5C5370AE2390F37C00F66E2C /* HomePresenter.swift */,
				5C5370AF2390F37C00F66E2C /* HomeWorker.swift */,
				5C5370B02390F37C00F66E2C /* HomeRouter.swift */,
				5C5370B12390F37C00F66E2C /* HomeModels.swift */,
				5C5370B22390F37C00F66E2C /* HomeViewController.swift */,
				5C5370B32390F37C00F66E2C /* HomeInteractor.swift */,
			);
			path = Home;
			sourceTree = "<group>";
		};
		5C5370BA2390FA4100F66E2C /* Utils */ = {
			isa = PBXGroup;
			children = (
				5C5370BB2390FA5C00F66E2C /* TableViewDataSource.swift */,
				5C5370BD2390FB1100F66E2C /* UIImage+extension.swift */,
				5C5370C2239105CF00F66E2C /* Date+extension.swift */,
				5C5370C4239107D100F66E2C /* Storage.swift */,
			);
			path = Utils;
			sourceTree = "<group>";
		};
		5C5370BF2390FD9C00F66E2C /* Views */ = {
			isa = PBXGroup;
			children = (
				5C5370C02390FDCC00F66E2C /* HomeTableViewCell.swift */,
			);
			path = Views;
			sourceTree = "<group>";
		};
		5C5370C62391113700F66E2C /* Detail */ = {
			isa = PBXGroup;
			children = (
				5C5370C72391115000F66E2C /* DetailPresenter.swift */,
				5C5370C92391115000F66E2C /* DetailRouter.swift */,
				5C5370CA2391115000F66E2C /* DetailModels.swift */,
				5C5370CB2391115000F66E2C /* DetailViewController.swift */,
				5C5370CC2391115000F66E2C /* DetailInteractor.swift */,
			);
			path = Detail;
			sourceTree = "<group>";
		};
/* End PBXGroup section */

/* Begin PBXNativeTarget section */
		5C53708E2390E4C700F66E2C /* DevigetTest */ = {
			isa = PBXNativeTarget;
			buildConfigurationList = 5C5370A32390E4C900F66E2C /* Build configuration list for PBXNativeTarget "DevigetTest" */;
			buildPhases = (
				5C53708B2390E4C700F66E2C /* Sources */,
				5C53708C2390E4C700F66E2C /* Frameworks */,
				5C53708D2390E4C700F66E2C /* Resources */,
			);
			buildRules = (
			);
			dependencies = (
			);
			name = DevigetTest;
			productName = DevigetTest;
			productReference = 5C53708F2390E4C700F66E2C /* DevigetTest.app */;
			productType = "com.apple.product-type.application";
		};
/* End PBXNativeTarget section */

/* Begin PBXProject section */
		5C5370872390E4C700F66E2C /* Project object */ = {
			isa = PBXProject;
			attributes = {
				LastSwiftUpdateCheck = 1110;
				LastUpgradeCheck = 1110;
				ORGANIZATIONNAME = "Roberto Gutierrez Gonzalez";
				TargetAttributes = {
					5C53708E2390E4C700F66E2C = {
						CreatedOnToolsVersion = 11.1;
					};
				};
			};
			buildConfigurationList = 5C53708A2390E4C700F66E2C /* Build configuration list for PBXProject "DevigetTest" */;
			compatibilityVersion = "Xcode 9.3";
			developmentRegion = en;
			hasScannedForEncodings = 0;
			knownRegions = (
				en,
				Base,
			);
			mainGroup = 5C5370862390E4C700F66E2C;
			productRefGroup = 5C5370902390E4C700F66E2C /* Products */;
			projectDirPath = "";
			projectRoot = "";
			targets = (
				5C53708E2390E4C700F66E2C /* DevigetTest */,
			);
		};
/* End PBXProject section */

/* Begin PBXResourcesBuildPhase section */
		5C53708D2390E4C700F66E2C /* Resources */ = {
			isa = PBXResourcesBuildPhase;
			buildActionMask = 2147483647;
			files = (
				5C53709F2390E4C900F66E2C /* LaunchScreen.storyboard in Resources */,
				5C53709C2390E4C900F66E2C /* Assets.xcassets in Resources */,
				5C53709A2390E4C800F66E2C /* Main.storyboard in Resources */,
			);
			runOnlyForDeploymentPostprocessing = 0;
		};
/* End PBXResourcesBuildPhase section */

/* Begin PBXSourcesBuildPhase section */
		5C53708B2390E4C700F66E2C /* Sources */ = {
			isa = PBXSourcesBuildPhase;
			buildActionMask = 2147483647;
			files = (
				5C5370B92390F37C00F66E2C /* HomeInteractor.swift in Sources */,
				5C5370BC2390FA5C00F66E2C /* TableViewDataSource.swift in Sources */,
				5C5370C12390FDCC00F66E2C /* HomeTableViewCell.swift in Sources */,
				5C5370B72390F37C00F66E2C /* HomeModels.swift in Sources */,
				5C5370BE2390FB1100F66E2C /* UIImage+extension.swift in Sources */,
				5C5370B52390F37C00F66E2C /* HomeWorker.swift in Sources */,
				5C5370932390E4C800F66E2C /* AppDelegate.swift in Sources */,
				5C5370D12391115000F66E2C /* DetailViewController.swift in Sources */,
				5C5370AB2390E65F00F66E2C /* NetworkManager.swift in Sources */,
				5C5370B82390F37C00F66E2C /* HomeViewController.swift in Sources */,
				5C5370B42390F37C00F66E2C /* HomePresenter.swift in Sources */,
				5C5370B62390F37C00F66E2C /* HomeRouter.swift in Sources */,
				5C5370D02391115000F66E2C /* DetailModels.swift in Sources */,
				5C5370CD2391115000F66E2C /* DetailPresenter.swift in Sources */,
				5C5370A82390E54300F66E2C /* RedditResponse.swift in Sources */,
				5C5370952390E4C800F66E2C /* SceneDelegate.swift in Sources */,
				5C5370C3239105CF00F66E2C /* Date+extension.swift in Sources */,
				5C5370CF2391115000F66E2C /* DetailRouter.swift in Sources */,
				5C5370D22391115000F66E2C /* DetailInteractor.swift in Sources */,
				5C5370C5239107D100F66E2C /* Storage.swift in Sources */,
			);
			runOnlyForDeploymentPostprocessing = 0;
		};
/* End PBXSourcesBuildPhase section */

/* Begin PBXVariantGroup section */
		5C5370982390E4C800F66E2C /* Main.storyboard */ = {
			isa = PBXVariantGroup;
			children = (
				5C5370992390E4C800F66E2C /* Base */,
			);
			name = Main.storyboard;
			sourceTree = "<group>";
		};
		5C53709D2390E4C900F66E2C /* LaunchScreen.storyboard */ = {
			isa = PBXVariantGroup;
			children = (
				5C53709E2390E4C900F66E2C /* Base */,
			);
			name = LaunchScreen.storyboard;
			sourceTree = "<group>";
		};
/* End PBXVariantGroup section */

/* Begin XCBuildConfiguration section */
		5C5370A12390E4C900F66E2C /* Debug */ = {
			isa = XCBuildConfiguration;
			buildSettings = {
				ALWAYS_SEARCH_USER_PATHS = NO;
				CLANG_ANALYZER_NONNULL = YES;
				CLANG_ANALYZER_NUMBER_OBJECT_CONVERSION = YES_AGGRESSIVE;
				CLANG_CXX_LANGUAGE_STANDARD = "gnu++14";
				CLANG_CXX_LIBRARY = "libc++";
				CLANG_ENABLE_MODULES = YES;
				CLANG_ENABLE_OBJC_ARC = YES;
				CLANG_ENABLE_OBJC_WEAK = YES;
				CLANG_WARN_BLOCK_CAPTURE_AUTORELEASING = YES;
				CLANG_WARN_BOOL_CONVERSION = YES;
				CLANG_WARN_COMMA = YES;
				CLANG_WARN_CONSTANT_CONVERSION = YES;
				CLANG_WARN_DEPRECATED_OBJC_IMPLEMENTATIONS = YES;
				CLANG_WARN_DIRECT_OBJC_ISA_USAGE = YES_ERROR;
				CLANG_WARN_DOCUMENTATION_COMMENTS = YES;
				CLANG_WARN_EMPTY_BODY = YES;
				CLANG_WARN_ENUM_CONVERSION = YES;
				CLANG_WARN_INFINITE_RECURSION = YES;
				CLANG_WARN_INT_CONVERSION = YES;
				CLANG_WARN_NON_LITERAL_NULL_CONVERSION = YES;
				CLANG_WARN_OBJC_IMPLICIT_RETAIN_SELF = YES;
				CLANG_WARN_OBJC_LITERAL_CONVERSION = YES;
				CLANG_WARN_OBJC_ROOT_CLASS = YES_ERROR;
				CLANG_WARN_RANGE_LOOP_ANALYSIS = YES;
				CLANG_WARN_STRICT_PROTOTYPES = YES;
				CLANG_WARN_SUSPICIOUS_MOVE = YES;
				CLANG_WARN_UNGUARDED_AVAILABILITY = YES_AGGRESSIVE;
				CLANG_WARN_UNREACHABLE_CODE = YES;
				CLANG_WARN__DUPLICATE_METHOD_MATCH = YES;
				COPY_PHASE_STRIP = NO;
				DEBUG_INFORMATION_FORMAT = dwarf;
				ENABLE_STRICT_OBJC_MSGSEND = YES;
				ENABLE_TESTABILITY = YES;
				GCC_C_LANGUAGE_STANDARD = gnu11;
				GCC_DYNAMIC_NO_PIC = NO;
				GCC_NO_COMMON_BLOCKS = YES;
				GCC_OPTIMIZATION_LEVEL = 0;
				GCC_PREPROCESSOR_DEFINITIONS = (
					"DEBUG=1",
					"$(inherited)",
				);
				GCC_WARN_64_TO_32_BIT_CONVERSION = YES;
				GCC_WARN_ABOUT_RETURN_TYPE = YES_ERROR;
				GCC_WARN_UNDECLARED_SELECTOR = YES;
				GCC_WARN_UNINITIALIZED_AUTOS = YES_AGGRESSIVE;
				GCC_WARN_UNUSED_FUNCTION = YES;
				GCC_WARN_UNUSED_VARIABLE = YES;
				IPHONEOS_DEPLOYMENT_TARGET = 13.1;
				MTL_ENABLE_DEBUG_INFO = INCLUDE_SOURCE;
				MTL_FAST_MATH = YES;
				ONLY_ACTIVE_ARCH = YES;
				SDKROOT = iphoneos;
				SWIFT_ACTIVE_COMPILATION_CONDITIONS = DEBUG;
				SWIFT_OPTIMIZATION_LEVEL = "-Onone";
			};
			name = Debug;
		};
		5C5370A22390E4C900F66E2C /* Release */ = {
			isa = XCBuildConfiguration;
			buildSettings = {
				ALWAYS_SEARCH_USER_PATHS = NO;
				CLANG_ANALYZER_NONNULL = YES;
				CLANG_ANALYZER_NUMBER_OBJECT_CONVERSION = YES_AGGRESSIVE;
				CLANG_CXX_LANGUAGE_STANDARD = "gnu++14";
				CLANG_CXX_LIBRARY = "libc++";
				CLANG_ENABLE_MODULES = YES;
				CLANG_ENABLE_OBJC_ARC = YES;
				CLANG_ENABLE_OBJC_WEAK = YES;
				CLANG_WARN_BLOCK_CAPTURE_AUTORELEASING = YES;
				CLANG_WARN_BOOL_CONVERSION = YES;
				CLANG_WARN_COMMA = YES;
				CLANG_WARN_CONSTANT_CONVERSION = YES;
				CLANG_WARN_DEPRECATED_OBJC_IMPLEMENTATIONS = YES;
				CLANG_WARN_DIRECT_OBJC_ISA_USAGE = YES_ERROR;
				CLANG_WARN_DOCUMENTATION_COMMENTS = YES;
				CLANG_WARN_EMPTY_BODY = YES;
				CLANG_WARN_ENUM_CONVERSION = YES;
				CLANG_WARN_INFINITE_RECURSION = YES;
				CLANG_WARN_INT_CONVERSION = YES;
				CLANG_WARN_NON_LITERAL_NULL_CONVERSION = YES;
				CLANG_WARN_OBJC_IMPLICIT_RETAIN_SELF = YES;
				CLANG_WARN_OBJC_LITERAL_CONVERSION = YES;
				CLANG_WARN_OBJC_ROOT_CLASS = YES_ERROR;
				CLANG_WARN_RANGE_LOOP_ANALYSIS = YES;
				CLANG_WARN_STRICT_PROTOTYPES = YES;
				CLANG_WARN_SUSPICIOUS_MOVE = YES;
				CLANG_WARN_UNGUARDED_AVAILABILITY = YES_AGGRESSIVE;
				CLANG_WARN_UNREACHABLE_CODE = YES;
				CLANG_WARN__DUPLICATE_METHOD_MATCH = YES;
				COPY_PHASE_STRIP = NO;
				DEBUG_INFORMATION_FORMAT = "dwarf-with-dsym";
				ENABLE_NS_ASSERTIONS = NO;
				ENABLE_STRICT_OBJC_MSGSEND = YES;
				GCC_C_LANGUAGE_STANDARD = gnu11;
				GCC_NO_COMMON_BLOCKS = YES;
				GCC_WARN_64_TO_32_BIT_CONVERSION = YES;
				GCC_WARN_ABOUT_RETURN_TYPE = YES_ERROR;
				GCC_WARN_UNDECLARED_SELECTOR = YES;
				GCC_WARN_UNINITIALIZED_AUTOS = YES_AGGRESSIVE;
				GCC_WARN_UNUSED_FUNCTION = YES;
				GCC_WARN_UNUSED_VARIABLE = YES;
				IPHONEOS_DEPLOYMENT_TARGET = 13.1;
				MTL_ENABLE_DEBUG_INFO = NO;
				MTL_FAST_MATH = YES;
				SDKROOT = iphoneos;
				SWIFT_COMPILATION_MODE = wholemodule;
				SWIFT_OPTIMIZATION_LEVEL = "-O";
				VALIDATE_PRODUCT = YES;
			};
			name = Release;
		};
		5C5370A42390E4C900F66E2C /* Debug */ = {
			isa = XCBuildConfiguration;
			buildSettings = {
				ASSETCATALOG_COMPILER_APPICON_NAME = AppIcon;
				CODE_SIGN_STYLE = Automatic;
				INFOPLIST_FILE = DevigetTest/Info.plist;
				LD_RUNPATH_SEARCH_PATHS = (
					"$(inherited)",
					"@executable_path/Frameworks",
				);
				PRODUCT_BUNDLE_IDENTIFIER = company.DevigetTest;
				PRODUCT_NAME = "$(TARGET_NAME)";
				SWIFT_VERSION = 5.0;
				TARGETED_DEVICE_FAMILY = "1,2";
			};
			name = Debug;
		};
		5C5370A52390E4C900F66E2C /* Release */ = {
			isa = XCBuildConfiguration;
			buildSettings = {
				ASSETCATALOG_COMPILER_APPICON_NAME = AppIcon;
				CODE_SIGN_STYLE = Automatic;
				INFOPLIST_FILE = DevigetTest/Info.plist;
				LD_RUNPATH_SEARCH_PATHS = (
					"$(inherited)",
					"@executable_path/Frameworks",
				);
				PRODUCT_BUNDLE_IDENTIFIER = company.DevigetTest;
				PRODUCT_NAME = "$(TARGET_NAME)";
				SWIFT_VERSION = 5.0;
				TARGETED_DEVICE_FAMILY = "1,2";
			};
			name = Release;
		};
/* End XCBuildConfiguration section */

/* Begin XCConfigurationList section */
		5C53708A2390E4C700F66E2C /* Build configuration list for PBXProject "DevigetTest" */ = {
			isa = XCConfigurationList;
			buildConfigurations = (
				5C5370A12390E4C900F66E2C /* Debug */,
				5C5370A22390E4C900F66E2C /* Release */,
			);
			defaultConfigurationIsVisible = 0;
			defaultConfigurationName = Release;
		};
		5C5370A32390E4C900F66E2C /* Build configuration list for PBXNativeTarget "DevigetTest" */ = {
			isa = XCConfigurationList;
			buildConfigurations = (
				5C5370A42390E4C900F66E2C /* Debug */,
				5C5370A52390E4C900F66E2C /* Release */,
			);
			defaultConfigurationIsVisible = 0;
			defaultConfigurationName = Release;
		};
/* End XCConfigurationList section */
	};
	rootObject = 5C5370872390E4C700F66E2C /* Project object */;
}
